# THIS IS AN AUTOGENERATED FILE. DO NOT EDIT THIS FILE DIRECTLY.
# yarn lockfile v1


"@types/node@^20.4.2":
  version "20.4.2"
  resolved "https://registry.yarnpkg.com/@types/node/-/node-20.4.2.tgz#129cc9ae69f93824f92fac653eebfb4812ab4af9"
  integrity sha512-Dd0BYtWgnWJKwO1jkmTrzofjK2QXXcai0dmtzvIBhcA+RsG5h8R3xlyta0kGOZRNfL9GuRtb1knmPEhQrePCEw==

pm-xtn-dom@^1.0.14:
  version "1.0.14"
  resolved "https://registry.yarnpkg.com/pm-xtn-dom/-/pm-xtn-dom-1.0.14.tgz#18650bad08b1e97959c1c067a79b3ff83a8913eb"
  integrity sha512-2yinMI+lA2iSzicsWZWwuQ4c1s3eg+6VYVK0TRZPFZnAWRXCXElRS5t+9cGh7uCwnRXRV9LS4rfFSAZYp7bddw==
